
Microsoft Visual Studio Solution File, Format Version 12.00
# Visual Studio Version 16
VisualStudioVersion = 16.0.30204.135
MinimumVisualStudioVersion = 10.0.40219.1
Project("{FAE04EC0-301F-11D3-BF4B-00C04F79EFBC}") = "QuizApp", "QuizApp\QuizApp.csproj", "{980DB0B2-D366-43FA-B101-53632392AA18}"
EndProject
Global
	GlobalSection(SolutionConfigurationPlatforms) = preSolution
		Debug|Any CPU = Debug|Any CPU
		Release|Any CPU = Release|Any CPU
	EndGlobalSection
	GlobalSection(ProjectConfigurationPlatforms) = postSolution
		{980DB0B2-D366-43FA-B101-53632392AA18}.Debug|Any CPU.ActiveCfg = Debug|Any CPU
		{980DB0B2-D366-43FA-B101-53632392AA18}.Debug|Any CPU.Build.0 = Debug|Any CPU
		{980DB0B2-D366-43FA-B101-53632392AA18}.Release|Any CPU.ActiveCfg = Release|Any CPU
		{980DB0B2-D366-43FA-B101-53632392AA18}.Release|Any CPU.Build.0 = Release|Any CPU
	EndGlobalSection
	GlobalSection(SolutionProperties) = preSolution
		HideSolutionNode = FALSE
	EndGlobalSection
	GlobalSection(ExtensibilityGlobals) = postSolution
		SolutionGuid = {7D620D5B-2033-4B39-833F-ECD0A783786A}
	EndGlobalSection
EndGlobal
